// !$*UTF8*$!
{
	archiveVersion = 1;
	classes = {
	};
	objectVersion = 55;
	objects = {

/* Begin PBXBuildFile section */
		CBCFD14E27C1B1AC00A6B9D3 /* AppDelegate.swift in Sources */ = {isa = PBXBuildFile; fileRef = CBCFD14D27C1B1AC00A6B9D3 /* AppDelegate.swift */; };
		CBCFD15027C1B1AC00A6B9D3 /* SceneDelegate.swift in Sources */ = {isa = PBXBuildFile; fileRef = CBCFD14F27C1B1AC00A6B9D3 /* SceneDelegate.swift */; };
		CBCFD15227C1B1AC00A6B9D3 /* ViewController.swift in Sources */ = {isa = PBXBuildFile; fileRef = CBCFD15127C1B1AC00A6B9D3 /* ViewController.swift */; };
		CBCFD15527C1B1AC00A6B9D3 /* Main.storyboard in Resources */ = {isa = PBXBuildFile; fileRef = CBCFD15327C1B1AC00A6B9D3 /* Main.storyboard */; };
		CBCFD15727C1B1B200A6B9D3 /* Assets.xcassets in Resources */ = {isa = PBXBuildFile; fileRef = CBCFD15627C1B1B200A6B9D3 /* Assets.xcassets */; };
		CBCFD15A27C1B1B200A6B9D3 /* LaunchScreen.storyboard in Resources */ = {isa = PBXBuildFile; fileRef = CBCFD15827C1B1B200A6B9D3 /* LaunchScreen.storyboard */; };
		CBCFD16527C1B1B300A6B9D3 /* YelpyTests.swift in Sources */ = {isa = PBXBuildFile; fileRef = CBCFD16427C1B1B300A6B9D3 /* YelpyTests.swift */; };
		CBCFD16F27C1B1B300A6B9D3 /* YelpyUITests.swift in Sources */ = {isa = PBXBuildFile; fileRef = CBCFD16E27C1B1B300A6B9D3 /* YelpyUITests.swift */; };
		CBCFD17127C1B1B300A6B9D3 /* YelpyUITestsLaunchTests.swift in Sources */ = {isa = PBXBuildFile; fileRef = CBCFD17027C1B1B300A6B9D3 /* YelpyUITestsLaunchTests.swift */; };
/* End PBXBuildFile section */

/* Begin PBXContainerItemProxy section */
		CBCFD16127C1B1B300A6B9D3 /* PBXContainerItemProxy */ = {
			isa = PBXContainerItemProxy;
			containerPortal = CBCFD14227C1B1AC00A6B9D3 /* Project object */;
			proxyType = 1;
			remoteGlobalIDString = CBCFD14927C1B1AC00A6B9D3;
			remoteInfo = Yelpy;
		};
		CBCFD16B27C1B1B300A6B9D3 /* PBXContainerItemProxy */ = {
			isa = PBXContainerItemProxy;
			containerPortal = CBCFD14227C1B1AC00A6B9D3 /* Project object */;
			proxyType = 1;
			remoteGlobalIDString = CBCFD14927C1B1AC00A6B9D3;
			remoteInfo = Yelpy;
		};
/* End PBXContainerItemProxy section */

/* Begin PBXFileReference section */
		CBCFD14A27C1B1AC00A6B9D3 /* Yelpy.app */ = {isa = PBXFileReference; explicitFileType = wrapper.application; includeInIndex = 0; path = Yelpy.app; sourceTree = BUILT_PRODUCTS_DIR; };
		CBCFD14D27C1B1AC00A6B9D3 /* AppDelegate.swift */ = {isa = PBXFileReference; lastKnownFileType = sourcecode.swift; path = AppDelegate.swift; sourceTree = "<group>"; };
		CBCFD14F27C1B1AC00A6B9D3 /* SceneDelegate.swift */ = {isa = PBXFileReference; lastKnownFileType = sourcecode.swift; path = SceneDelegate.swift; sourceTree = "<group>"; };
		CBCFD15127C1B1AC00A6B9D3 /* ViewController.swift */ = {isa = PBXFileReference; lastKnownFileType = sourcecode.swift; path = ViewController.swift; sourceTree = "<group>"; };
		CBCFD15427C1B1AC00A6B9D3 /* Base */ = {isa = PBXFileReference; lastKnownFileType = file.storyboard; name = Base; path = Base.lproj/Main.storyboard; sourceTree = "<group>"; };
		CBCFD15627C1B1B200A6B9D3 /* Assets.xcassets */ = {isa = PBXFileReference; lastKnownFileType = folder.assetcatalog; path = Assets.xcassets; sourceTree = "<group>"; };
		CBCFD15927C1B1B200A6B9D3 /* Base */ = {isa = PBXFileReference; lastKnownFileType = file.storyboard; name = Base; path = Base.lproj/LaunchScreen.storyboard; sourceTree = "<group>"; };
		CBCFD15B27C1B1B200A6B9D3 /* Info.plist */ = {isa = PBXFileReference; lastKnownFileType = text.plist.xml; path = Info.plist; sourceTree = "<group>"; };
		CBCFD16027C1B1B300A6B9D3 /* YelpyTests.xctest */ = {isa = PBXFileReference; explicitFileType = wrapper.cfbundle; includeInIndex = 0; path = YelpyTests.xctest; sourceTree = BUILT_PRODUCTS_DIR; };
		CBCFD16427C1B1B300A6B9D3 /* YelpyTests.swift */ = {isa = PBXFileReference; lastKnownFileType = sourcecode.swift; path = YelpyTests.swift; sourceTree = "<group>"; };
		CBCFD16A27C1B1B300A6B9D3 /* YelpyUITests.xctest */ = {isa = PBXFileReference; explicitFileType = wrapper.cfbundle; includeInIndex = 0; path = YelpyUITests.xctest; sourceTree = BUILT_PRODUCTS_DIR; };
		CBCFD16E27C1B1B300A6B9D3 /* YelpyUITests.swift */ = {isa = PBXFileReference; lastKnownFileType = sourcecode.swift; path = YelpyUITests.swift; sourceTree = "<group>"; };
		CBCFD17027C1B1B300A6B9D3 /* YelpyUITestsLaunchTests.swift */ = {isa = PBXFileReference; lastKnownFileType = sourcecode.swift; path = YelpyUITestsLaunchTests.swift; sourceTree = "<group>"; };
/* End PBXFileReference section */

/* Begin PBXFrameworksBuildPhase section */
		CBCFD14727C1B1AC00A6B9D3 /* Frameworks */ = {
			isa = PBXFrameworksBuildPhase;
			buildActionMask = 2147483647;
			files = (
			);
			runOnlyForDeploymentPostprocessing = 0;
		};
		CBCFD15D27C1B1B300A6B9D3 /* Frameworks */ = {
			isa = PBXFrameworksBuildPhase;
			buildActionMask = 2147483647;
			files = (
			);
			runOnlyForDeploymentPostprocessing = 0;
		};
		CBCFD16727C1B1B300A6B9D3 /* Frameworks */ = {
			isa = PBXFrameworksBuildPhase;
			buildActionMask = 2147483647;
			files = (
			);
			runOnlyForDeploymentPostprocessing = 0;
		};
/* End PBXFrameworksBuildPhase section */

/* Begin PBXGroup section */
		CBCFD14127C1B1AC00A6B9D3 = {
			isa = PBXGroup;
			children = (
				CBCFD14C27C1B1AC00A6B9D3 /* Yelpy */,
				CBCFD16327C1B1B300A6B9D3 /* YelpyTests */,
				CBCFD16D27C1B1B300A6B9D3 /* YelpyUITests */,
				CBCFD14B27C1B1AC00A6B9D3 /* Products */,
			);
			sourceTree = "<group>";
		};
		CBCFD14B27C1B1AC00A6B9D3 /* Products */ = {
			isa = PBXGroup;
			children = (
				CBCFD14A27C1B1AC00A6B9D3 /* Yelpy.app */,
				CBCFD16027C1B1B300A6B9D3 /* YelpyTests.xctest */,
				CBCFD16A27C1B1B300A6B9D3 /* YelpyUITests.xctest */,
			);
			name = Products;
			sourceTree = "<group>";
		};
		CBCFD14C27C1B1AC00A6B9D3 /* Yelpy */ = {
			isa = PBXGroup;
			children = (
				CBCFD14D27C1B1AC00A6B9D3 /* AppDelegate.swift */,
				CBCFD14F27C1B1AC00A6B9D3 /* SceneDelegate.swift */,
				CBCFD15127C1B1AC00A6B9D3 /* ViewController.swift */,
				CBCFD15327C1B1AC00A6B9D3 /* Main.storyboard */,
				CBCFD15627C1B1B200A6B9D3 /* Assets.xcassets */,
				CBCFD15827C1B1B200A6B9D3 /* LaunchScreen.storyboard */,
				CBCFD15B27C1B1B200A6B9D3 /* Info.plist */,
			);
			path = Yelpy;
			sourceTree = "<group>";
		};
		CBCFD16327C1B1B300A6B9D3 /* YelpyTests */ = {
			isa = PBXGroup;
			children = (
				CBCFD16427C1B1B300A6B9D3 /* YelpyTests.swift */,
			);
			path = YelpyTests;
			sourceTree = "<group>";
		};
		CBCFD16D27C1B1B300A6B9D3 /* YelpyUITests */ = {
			isa = PBXGroup;
			children = (
				CBCFD16E27C1B1B300A6B9D3 /* YelpyUITests.swift */,
				CBCFD17027C1B1B300A6B9D3 /* YelpyUITestsLaunchTests.swift */,
			);
			path = YelpyUITests;
			sourceTree = "<group>";
		};
/* End PBXGroup section */

/* Begin PBXNativeTarget section */
		CBCFD14927C1B1AC00A6B9D3 /* Yelpy */ = {
			isa = PBXNativeTarget;
			buildConfigurationList = CBCFD17427C1B1B300A6B9D3 /* Build configuration list for PBXNativeTarget "Yelpy" */;
			buildPhases = (
				CBCFD14627C1B1AC00A6B9D3 /* Sources */,
				CBCFD14727C1B1AC00A6B9D3 /* Frameworks */,
				CBCFD14827C1B1AC00A6B9D3 /* Resources */,
			);
			buildRules = (
			);
			dependencies = (
			);
			name = Yelpy;
			productName = Yelpy;
			productReference = CBCFD14A27C1B1AC00A6B9D3 /* Yelpy.app */;
			productType = "com.apple.product-type.application";
		};
		CBCFD15F27C1B1B300A6B9D3 /* YelpyTests */ = {
			isa = PBXNativeTarget;
			buildConfigurationList = CBCFD17727C1B1B300A6B9D3 /* Build configuration list for PBXNativeTarget "YelpyTests" */;
			buildPhases = (
				CBCFD15C27C1B1B300A6B9D3 /* Sources */,
				CBCFD15D27C1B1B300A6B9D3 /* Frameworks */,
				CBCFD15E27C1B1B300A6B9D3 /* Resources */,
			);
			buildRules = (
			);
			dependencies = (
				CBCFD16227C1B1B300A6B9D3 /* PBXTargetDependency */,
			);
			name = YelpyTests;
			productName = YelpyTests;
			productReference = CBCFD16027C1B1B300A6B9D3 /* YelpyTests.xctest */;
			productType = "com.apple.product-type.bundle.unit-test";
		};
		CBCFD16927C1B1B300A6B9D3 /* YelpyUITests */ = {
			isa = PBXNativeTarget;
			buildConfigurationList = CBCFD17A27C1B1B300A6B9D3 /* Build configuration list for PBXNativeTarget "YelpyUITests" */;
			buildPhases = (
				CBCFD16627C1B1B300A6B9D3 /* Sources */,
				CBCFD16727C1B1B300A6B9D3 /* Frameworks */,
				CBCFD16827C1B1B300A6B9D3 /* Resources */,
			);
			buildRules = (
			);
			dependencies = (
				CBCFD16C27C1B1B300A6B9D3 /* PBXTargetDependency */,
			);
			name = YelpyUITests;
			productName = YelpyUITests;
			productReference = CBCFD16A27C1B1B300A6B9D3 /* YelpyUITests.xctest */;
			productType = "com.apple.product-type.bundle.ui-testing";
		};
/* End PBXNativeTarget section */

/* Begin PBXProject section */
		CBCFD14227C1B1AC00A6B9D3 /* Project object */ = {
			isa = PBXProject;
			attributes = {
				BuildIndependentTargetsInParallel = 1;
				LastSwiftUpdateCheck = 1310;
				LastUpgradeCheck = 1310;
				TargetAttributes = {
					CBCFD14927C1B1AC00A6B9D3 = {
						CreatedOnToolsVersion = 13.1;
					};
					CBCFD15F27C1B1B300A6B9D3 = {
						CreatedOnToolsVersion = 13.1;
						TestTargetID = CBCFD14927C1B1AC00A6B9D3;
					};
					CBCFD16927C1B1B300A6B9D3 = {
						CreatedOnToolsVersion = 13.1;
						TestTargetID = CBCFD14927C1B1AC00A6B9D3;
					};
				};
			};
			buildConfigurationList = CBCFD14527C1B1AC00A6B9D3 /* Build configuration list for PBXProject "Yelpy" */;
			compatibilityVersion = "Xcode 13.0";
			developmentRegion = en;
			hasScannedForEncodings = 0;
			knownRegions = (
				en,
				Base,
			);
			mainGroup = CBCFD14127C1B1AC00A6B9D3;
			productRefGroup = CBCFD14B27C1B1AC00A6B9D3 /* Products */;
			projectDirPath = "";
			projectRoot = "";
			targets = (
				CBCFD14927C1B1AC00A6B9D3 /* Yelpy */,
				CBCFD15F27C1B1B300A6B9D3 /* YelpyTests */,
				CBCFD16927C1B1B300A6B9D3 /* YelpyUITests */,
			);
		};
/* End PBXProject section */

/* Begin PBXResourcesBuildPhase section */
		CBCFD14827C1B1AC00A6B9D3 /* Resources */ = {
			isa = PBXResourcesBuildPhase;
			buildActionMask = 2147483647;
			files = (
				CBCFD15A27C1B1B200A6B9D3 /* LaunchScreen.storyboard in Resources */,
				CBCFD15727C1B1B200A6B9D3 /* Assets.xcassets in Resources */,
				CBCFD15527C1B1AC00A6B9D3 /* Main.storyboard in Resources */,
			);
			runOnlyForDeploymentPostprocessing = 0;
		};
		CBCFD15E27C1B1B300A6B9D3 /* Resources */ = {
			isa = PBXResourcesBuildPhase;
			buildActionMask = 2147483647;
			files = (
			);
			runOnlyForDeploymentPostprocessing = 0;
		};
		CBCFD16827C1B1B300A6B9D3 /* Resources */ = {
			isa = PBXResourcesBuildPhase;
			buildActionMask = 2147483647;
			files = (
			);
			runOnlyForDeploymentPostprocessing = 0;
		};
/* End PBXResourcesBuildPhase section */

/* Begin PBXSourcesBuildPhase section */
		CBCFD14627C1B1AC00A6B9D3 /* Sources */ = {
			isa = PBXSourcesBuildPhase;
			buildActionMask = 2147483647;
			files = (
				CBCFD15227C1B1AC00A6B9D3 /* ViewController.swift in Sources */,
				CBCFD14E27C1B1AC00A6B9D3 /* AppDelegate.swift in Sources */,
				CBCFD15027C1B1AC00A6B9D3 /* SceneDelegate.swift in Sources */,
			);
			runOnlyForDeploymentPostprocessing = 0;
		};
		CBCFD15C27C1B1B300A6B9D3 /* Sources */ = {
			isa = PBXSourcesBuildPhase;
			buildActionMask = 2147483647;
			files = (
				CBCFD16527C1B1B300A6B9D3 /* YelpyTests.swift in Sources */,
			);
			runOnlyForDeploymentPostprocessing = 0;
		};
		CBCFD16627C1B1B300A6B9D3 /* Sources */ = {
			isa = PBXSourcesBuildPhase;
			buildActionMask = 2147483647;
			files = (
				CBCFD17127C1B1B300A6B9D3 /* YelpyUITestsLaunchTests.swift in Sources */,
				CBCFD16F27C1B1B300A6B9D3 /* YelpyUITests.swift in Sources */,
			);
			runOnlyForDeploymentPostprocessing = 0;
		};
/* End PBXSourcesBuildPhase section */

/* Begin PBXTargetDependency section */
		CBCFD16227C1B1B300A6B9D3 /* PBXTargetDependency */ = {
			isa = PBXTargetDependency;
			target = CBCFD14927C1B1AC00A6B9D3 /* Yelpy */;
			targetProxy = CBCFD16127C1B1B300A6B9D3 /* PBXContainerItemProxy */;
		};
		CBCFD16C27C1B1B300A6B9D3 /* PBXTargetDependency */ = {
			isa = PBXTargetDependency;
			target = CBCFD14927C1B1AC00A6B9D3 /* Yelpy */;
			targetProxy = CBCFD16B27C1B1B300A6B9D3 /* PBXContainerItemProxy */;
		};
/* End PBXTargetDependency section */

/* Begin PBXVariantGroup section */
		CBCFD15327C1B1AC00A6B9D3 /* Main.storyboard */ = {
			isa = PBXVariantGroup;
			children = (
				CBCFD15427C1B1AC00A6B9D3 /* Base */,
			);
			name = Main.storyboard;
			sourceTree = "<group>";
		};
		CBCFD15827C1B1B200A6B9D3 /* LaunchScreen.storyboard */ = {
			isa = PBXVariantGroup;
			children = (
				CBCFD15927C1B1B200A6B9D3 /* Base */,
			);
			name = LaunchScreen.storyboard;
			sourceTree = "<group>";
		};
/* End PBXVariantGroup section */

/* Begin XCBuildConfiguration section */
		CBCFD17227C1B1B300A6B9D3 /* Debug */ = {
			isa = XCBuildConfiguration;
			buildSettings = {
				ALWAYS_SEARCH_USER_PATHS = NO;
				CLANG_ANALYZER_NONNULL = YES;
				CLANG_ANALYZER_NUMBER_OBJECT_CONVERSION = YES_AGGRESSIVE;
				CLANG_CXX_LANGUAGE_STANDARD = "gnu++17";
				CLANG_CXX_LIBRARY = "libc++";
				CLANG_ENABLE_MODULES = YES;
				CLANG_ENABLE_OBJC_ARC = YES;
				CLANG_ENABLE_OBJC_WEAK = YES;
				CLANG_WARN_BLOCK_CAPTURE_AUTORELEASING = YES;
				CLANG_WARN_BOOL_CONVERSION = YES;
				CLANG_WARN_COMMA = YES;
				CLANG_WARN_CONSTANT_CONVERSION = YES;
				CLANG_WARN_DEPRECATED_OBJC_IMPLEMENTATIONS = YES;
				CLANG_WARN_DIRECT_OBJC_ISA_USAGE = YES_ERROR;
				CLANG_WARN_DOCUMENTATION_COMMENTS = YES;
				CLANG_WARN_EMPTY_BODY = YES;
				CLANG_WARN_ENUM_CONVERSION = YES;
				CLANG_WARN_INFINITE_RECURSION = YES;
				CLANG_WARN_INT_CONVERSION = YES;
				CLANG_WARN_NON_LITERAL_NULL_CONVERSION = YES;
				CLANG_WARN_OBJC_IMPLICIT_RETAIN_SELF = YES;
				CLANG_WARN_OBJC_LITERAL_CONVERSION = YES;
				CLANG_WARN_OBJC_ROOT_CLASS = YES_ERROR;
				CLANG_WARN_QUOTED_INCLUDE_IN_FRAMEWORK_HEADER = YES;
				CLANG_WARN_RANGE_LOOP_ANALYSIS = YES;
				CLANG_WARN_STRICT_PROTOTYPES = YES;
				CLANG_WARN_SUSPICIOUS_MOVE = YES;
				CLANG_WARN_UNGUARDED_AVAILABILITY = YES_AGGRESSIVE;
				CLANG_WARN_UNREACHABLE_CODE = YES;
				CLANG_WARN__DUPLICATE_METHOD_MATCH = YES;
				COPY_PHASE_STRIP = NO;
				DEBUG_INFORMATION_FORMAT = dwarf;
				ENABLE_STRICT_OBJC_MSGSEND = YES;
				ENABLE_TESTABILITY = YES;
				GCC_C_LANGUAGE_STANDARD = gnu11;
				GCC_DYNAMIC_NO_PIC = NO;
				GCC_NO_COMMON_BLOCKS = YES;
				GCC_OPTIMIZATION_LEVEL = 0;
				GCC_PREPROCESSOR_DEFINITIONS = (
					"DEBUG=1",
					"$(inherited)",
				);
				GCC_WARN_64_TO_32_BIT_CONVERSION = YES;
				GCC_WARN_ABOUT_RETURN_TYPE = YES_ERROR;
				GCC_WARN_UNDECLARED_SELECTOR = YES;
				GCC_WARN_UNINITIALIZED_AUTOS = YES_AGGRESSIVE;
				GCC_WARN_UNUSED_FUNCTION = YES;
				GCC_WARN_UNUSED_VARIABLE = YES;
				IPHONEOS_DEPLOYMENT_TARGET = 15.0;
				MTL_ENABLE_DEBUG_INFO = INCLUDE_SOURCE;
				MTL_FAST_MATH = YES;
				ONLY_ACTIVE_ARCH = YES;
				SDKROOT = iphoneos;
				SWIFT_ACTIVE_COMPILATION_CONDITIONS = DEBUG;
				SWIFT_OPTIMIZATION_LEVEL = "-Onone";
			};
			name = Debug;
		};
		CBCFD17327C1B1B300A6B9D3 /* Release */ = {
			isa = XCBuildConfiguration;
			buildSettings = {
				ALWAYS_SEARCH_USER_PATHS = NO;
				CLANG_ANALYZER_NONNULL = YES;
				CLANG_ANALYZER_NUMBER_OBJECT_CONVERSION = YES_AGGRESSIVE;
				CLANG_CXX_LANGUAGE_STANDARD = "gnu++17";
				CLANG_CXX_LIBRARY = "libc++";
				CLANG_ENABLE_MODULES = YES;
				CLANG_ENABLE_OBJC_ARC = YES;
				CLANG_ENABLE_OBJC_WEAK = YES;
				CLANG_WARN_BLOCK_CAPTURE_AUTORELEASING = YES;
				CLANG_WARN_BOOL_CONVERSION = YES;
				CLANG_WARN_COMMA = YES;
				CLANG_WARN_CONSTANT_CONVERSION = YES;
				CLANG_WARN_DEPRECATED_OBJC_IMPLEMENTATIONS = YES;
				CLANG_WARN_DIRECT_OBJC_ISA_USAGE = YES_ERROR;
				CLANG_WARN_DOCUMENTATION_COMMENTS = YES;
				CLANG_WARN_EMPTY_BODY = YES;
				CLANG_WARN_ENUM_CONVERSION = YES;
				CLANG_WARN_INFINITE_RECURSION = YES;
				CLANG_WARN_INT_CONVERSION = YES;
				CLANG_WARN_NON_LITERAL_NULL_CONVERSION = YES;
				CLANG_WARN_OBJC_IMPLICIT_RETAIN_SELF = YES;
				CLANG_WARN_OBJC_LITERAL_CONVERSION = YES;
				CLANG_WARN_OBJC_ROOT_CLASS = YES_ERROR;
				CLANG_WARN_QUOTED_INCLUDE_IN_FRAMEWORK_HEADER = YES;
				CLANG_WARN_RANGE_LOOP_ANALYSIS = YES;
				CLANG_WARN_STRICT_PROTOTYPES = YES;
				CLANG_WARN_SUSPICIOUS_MOVE = YES;
				CLANG_WARN_UNGUARDED_AVAILABILITY = YES_AGGRESSIVE;
				CLANG_WARN_UNREACHABLE_CODE = YES;
				CLANG_WARN__DUPLICATE_METHOD_MATCH = YES;
				COPY_PHASE_STRIP = NO;
				DEBUG_INFORMATION_FORMAT = "dwarf-with-dsym";
				ENABLE_NS_ASSERTIONS = NO;
				ENABLE_STRICT_OBJC_MSGSEND = YES;
				GCC_C_LANGUAGE_STANDARD = gnu11;
				GCC_NO_COMMON_BLOCKS = YES;
				GCC_WARN_64_TO_32_BIT_CONVERSION = YES;
				GCC_WARN_ABOUT_RETURN_TYPE = YES_ERROR;
				GCC_WARN_UNDECLARED_SELECTOR = YES;
				GCC_WARN_UNINITIALIZED_AUTOS = YES_AGGRESSIVE;
				GCC_WARN_UNUSED_FUNCTION = YES;
				GCC_WARN_UNUSED_VARIABLE = YES;
				IPHONEOS_DEPLOYMENT_TARGET = 15.0;
				MTL_ENABLE_DEBUG_INFO = NO;
				MTL_FAST_MATH = YES;
				SDKROOT = iphoneos;
				SWIFT_COMPILATION_MODE = wholemodule;
				SWIFT_OPTIMIZATION_LEVEL = "-O";
				VALIDATE_PRODUCT = YES;
			};
			name = Release;
		};
		CBCFD17527C1B1B300A6B9D3 /* Debug */ = {
			isa = XCBuildConfiguration;
			buildSettings = {
				ASSETCATALOG_COMPILER_APPICON_NAME = AppIcon;
				ASSETCATALOG_COMPILER_GLOBAL_ACCENT_COLOR_NAME = AccentColor;
				CODE_SIGN_STYLE = Automatic;
				CURRENT_PROJECT_VERSION = 1;
				GENERATE_INFOPLIST_FILE = YES;
				INFOPLIST_FILE = Yelpy/Info.plist;
				INFOPLIST_KEY_UIApplicationSupportsIndirectInputEvents = YES;
				INFOPLIST_KEY_UILaunchStoryboardName = LaunchScreen;
				INFOPLIST_KEY_UIMainStoryboardFile = Main;
				INFOPLIST_KEY_UISupportedInterfaceOrientations_iPad = "UIInterfaceOrientationPortrait UIInterfaceOrientationPortraitUpsideDown UIInterfaceOrientationLandscapeLeft UIInterfaceOrientationLandscapeRight";
				INFOPLIST_KEY_UISupportedInterfaceOrientations_iPhone = "UIInterfaceOrientationPortrait UIInterfaceOrientationLandscapeLeft UIInterfaceOrientationLandscapeRight";
				LD_RUNPATH_SEARCH_PATHS = (
					"$(inherited)",
					"@executable_path/Frameworks",
				);
				MARKETING_VERSION = 1.0;
				PRODUCT_BUNDLE_IDENTIFIER = memo.com.Yelpy;
				PRODUCT_NAME = "$(TARGET_NAME)";
				SWIFT_EMIT_LOC_STRINGS = YES;
				SWIFT_VERSION = 5.0;
				TARGETED_DEVICE_FAMILY = "1,2";
			};
			name = Debug;
		};
		CBCFD17627C1B1B300A6B9D3 /* Release */ = {
			isa = XCBuildConfiguration;
			buildSettings = {
				ASSETCATALOG_COMPILER_APPICON_NAME = AppIcon;
				ASSETCATALOG_COMPILER_GLOBAL_ACCENT_COLOR_NAME = AccentColor;
				CODE_SIGN_STYLE = Automatic;
				CURRENT_PROJECT_VERSION = 1;
				GENERATE_INFOPLIST_FILE = YES;
				INFOPLIST_FILE = Yelpy/Info.plist;
				INFOPLIST_KEY_UIApplicationSupportsIndirectInputEvents = YES;
				INFOPLIST_KEY_UILaunchStoryboardName = LaunchScreen;
				INFOPLIST_KEY_UIMainStoryboardFile = Main;
				INFOPLIST_KEY_UISupportedInterfaceOrientations_iPad = "UIInterfaceOrientationPortrait UIInterfaceOrientationPortraitUpsideDown UIInterfaceOrientationLandscapeLeft UIInterfaceOrientationLandscapeRight";
				INFOPLIST_KEY_UISupportedInterfaceOrientations_iPhone = "UIInterfaceOrientationPortrait UIInterfaceOrientationLandscapeLeft UIInterfaceOrientationLandscapeRight";
				LD_RUNPATH_SEARCH_PATHS = (
					"$(inherited)",
					"@executable_path/Frameworks",
				);
				MARKETING_VERSION = 1.0;
				PRODUCT_BUNDLE_IDENTIFIER = memo.com.Yelpy;
				PRODUCT_NAME = "$(TARGET_NAME)";
				SWIFT_EMIT_LOC_STRINGS = YES;
				SWIFT_VERSION = 5.0;
				TARGETED_DEVICE_FAMILY = "1,2";
			};
			name = Release;
		};
		CBCFD17827C1B1B300A6B9D3 /* Debug */ = {
			isa = XCBuildConfiguration;
			buildSettings = {
				ALWAYS_EMBED_SWIFT_STANDARD_LIBRARIES = YES;
				BUNDLE_LOADER = "$(TEST_HOST)";
				CODE_SIGN_STYLE = Automatic;
				CURRENT_PROJECT_VERSION = 1;
				GENERATE_INFOPLIST_FILE = YES;
				IPHONEOS_DEPLOYMENT_TARGET = 15.0;
				LD_RUNPATH_SEARCH_PATHS = (
					"$(inherited)",
					"@executable_path/Frameworks",
					"@loader_path/Frameworks",
				);
				MARKETING_VERSION = 1.0;
				PRODUCT_BUNDLE_IDENTIFIER = memo.com.YelpyTests;
				PRODUCT_NAME = "$(TARGET_NAME)";
				SWIFT_EMIT_LOC_STRINGS = NO;
				SWIFT_VERSION = 5.0;
				TARGETED_DEVICE_FAMILY = "1,2";
				TEST_HOST = "$(BUILT_PRODUCTS_DIR)/Yelpy.app/Yelpy";
			};
			name = Debug;
		};
		CBCFD17927C1B1B300A6B9D3 /* Release */ = {
			isa = XCBuildConfiguration;
			buildSettings = {
				ALWAYS_EMBED_SWIFT_STANDARD_LIBRARIES = YES;
				BUNDLE_LOADER = "$(TEST_HOST)";
				CODE_SIGN_STYLE = Automatic;
				CURRENT_PROJECT_VERSION = 1;
				GENERATE_INFOPLIST_FILE = YES;
				IPHONEOS_DEPLOYMENT_TARGET = 15.0;
				LD_RUNPATH_SEARCH_PATHS = (
					"$(inherited)",
					"@executable_path/Frameworks",
					"@loader_path/Frameworks",
				);
				MARKETING_VERSION = 1.0;
				PRODUCT_BUNDLE_IDENTIFIER = memo.com.YelpyTests;
				PRODUCT_NAME = "$(TARGET_NAME)";
				SWIFT_EMIT_LOC_STRINGS = NO;
				SWIFT_VERSION = 5.0;
				TARGETED_DEVICE_FAMILY = "1,2";
				TEST_HOST = "$(BUILT_PRODUCTS_DIR)/Yelpy.app/Yelpy";
			};
			name = Release;
		};
		CBCFD17B27C1B1B300A6B9D3 /* Debug */ = {
			isa = XCBuildConfiguration;
			buildSettings = {
				ALWAYS_EMBED_SWIFT_STANDARD_LIBRARIES = YES;
				CODE_SIGN_STYLE = Automatic;
				CURRENT_PROJECT_VERSION = 1;
				GENERATE_INFOPLIST_FILE = YES;
				LD_RUNPATH_SEARCH_PATHS = (
					"$(inherited)",
					"@executable_path/Frameworks",
					"@loader_path/Frameworks",
				);
				MARKETING_VERSION = 1.0;
				PRODUCT_BUNDLE_IDENTIFIER = memo.com.YelpyUITests;
				PRODUCT_NAME = "$(TARGET_NAME)";
				SWIFT_EMIT_LOC_STRINGS = NO;
				SWIFT_VERSION = 5.0;
				TARGETED_DEVICE_FAMILY = "1,2";
				TEST_TARGET_NAME = Yelpy;
			};
			name = Debug;
		};
		CBCFD17C27C1B1B300A6B9D3 /* Release */ = {
			isa = XCBuildConfiguration;
			buildSettings = {
				ALWAYS_EMBED_SWIFT_STANDARD_LIBRARIES = YES;
				CODE_SIGN_STYLE = Automatic;
				CURRENT_PROJECT_VERSION = 1;
				GENERATE_INFOPLIST_FILE = YES;
				LD_RUNPATH_SEARCH_PATHS = (
					"$(inherited)",
					"@executable_path/Frameworks",
					"@loader_path/Frameworks",
				);
				MARKETING_VERSION = 1.0;
				PRODUCT_BUNDLE_IDENTIFIER = memo.com.YelpyUITests;
				PRODUCT_NAME = "$(TARGET_NAME)";
				SWIFT_EMIT_LOC_STRINGS = NO;
				SWIFT_VERSION = 5.0;
				TARGETED_DEVICE_FAMILY = "1,2";
				TEST_TARGET_NAME = Yelpy;
			};
			name = Release;
		};
/* End XCBuildConfiguration section */

/* Begin XCConfigurationList section */
		CBCFD14527C1B1AC00A6B9D3 /* Build configuration list for PBXProject "Yelpy" */ = {
			isa = XCConfigurationList;
			buildConfigurations = (
				CBCFD17227C1B1B300A6B9D3 /* Debug */,
				CBCFD17327C1B1B300A6B9D3 /* Release */,
			);
			defaultConfigurationIsVisible = 0;
			defaultConfigurationName = Release;
		};
		CBCFD17427C1B1B300A6B9D3 /* Build configuration list for PBXNativeTarget "Yelpy" */ = {
			isa = XCConfigurationList;
			buildConfigurations = (
				CBCFD17527C1B1B300A6B9D3 /* Debug */,
				CBCFD17627C1B1B300A6B9D3 /* Release */,
			);
			defaultConfigurationIsVisible = 0;
			defaultConfigurationName = Release;
		};
		CBCFD17727C1B1B300A6B9D3 /* Build configuration list for PBXNativeTarget "YelpyTests" */ = {
			isa = XCConfigurationList;
			buildConfigurations = (
				CBCFD17827C1B1B300A6B9D3 /* Debug */,
				CBCFD17927C1B1B300A6B9D3 /* Release */,
			);
			defaultConfigurationIsVisible = 0;
			defaultConfigurationName = Release;
		};
		CBCFD17A27C1B1B300A6B9D3 /* Build configuration list for PBXNativeTarget "YelpyUITests" */ = {
			isa = XCConfigurationList;
			buildConfigurations = (
				CBCFD17B27C1B1B300A6B9D3 /* Debug */,
				CBCFD17C27C1B1B300A6B9D3 /* Release */,
			);
			defaultConfigurationIsVisible = 0;
			defaultConfigurationName = Release;
		};
/* End XCConfigurationList section */
	};
	rootObject = CBCFD14227C1B1AC00A6B9D3 /* Project object */;
}
